
Microsoft Visual Studio Solution File, Format Version 12.00
# Visual Studio Version 16
VisualStudioVersion = 16.0.29411.108
MinimumVisualStudioVersion = 10.0.40219.1
Project("{FAE04EC0-301F-11D3-BF4B-00C04F79EFBC}") = "App1_ConsultarCEP.UWP", "App1_ConsultarCEP\App1_ConsultarCEP.UWP\App1_ConsultarCEP.UWP.csproj", "{2546C738-69EF-4469-A7C5-3C35719BE947}"
EndProject
Project("{FAE04EC0-301F-11D3-BF4B-00C04F79EFBC}") = "App1_ConsultarCEP.Android", "App1_ConsultarCEP\App1_ConsultarCEP.Android\App1_ConsultarCEP.Android.csproj", "{FBC1BFE6-679C-4E18-8A48-53BEE67D1455}"
EndProject
Project("{FAE04EC0-301F-11D3-BF4B-00C04F79EFBC}") = "App1_ConsultarCEP.iOS", "App1_ConsultarCEP\App1_ConsultarCEP.iOS\App1_ConsultarCEP.iOS.csproj", "{CF10C29C-C9E6-487E-8219-805854D10C78}"
EndProject
Project("{FAE04EC0-301F-11D3-BF4B-00C04F79EFBC}") = "App1_ConsultarCEP", "App1_ConsultarCEP\App1_ConsultarCEP\App1_ConsultarCEP.csproj", "{E0B99723-1A40-4C01-A4B8-F8D84237C3C5}"
EndProject
Global
	GlobalSection(SolutionConfigurationPlatforms) = preSolution
		Debug|Any CPU = Debug|Any CPU
		Debug|ARM = Debug|ARM
		Debug|iPhone = Debug|iPhone
		Debug|iPhoneSimulator = Debug|iPhoneSimulator
		Debug|x64 = Debug|x64
		Debug|x86 = Debug|x86
		Release|Any CPU = Release|Any CPU
		Release|ARM = Release|ARM
		Release|iPhone = Release|iPhone
		Release|iPhoneSimulator = Release|iPhoneSimulator
		Release|x64 = Release|x64
		Release|x86 = Release|x86
	EndGlobalSection
	GlobalSection(ProjectConfigurationPlatforms) = postSolution
		{2546C738-69EF-4469-A7C5-3C35719BE947}.Debug|Any CPU.ActiveCfg = Debug|x86
		{2546C738-69EF-4469-A7C5-3C35719BE947}.Debug|Any CPU.Build.0 = Debug|x86
		{2546C738-69EF-4469-A7C5-3C35719BE947}.Debug|Any CPU.Deploy.0 = Debug|x86
		{2546C738-69EF-4469-A7C5-3C35719BE947}.Debug|ARM.ActiveCfg = Debug|ARM
		{2546C738-69EF-4469-A7C5-3C35719BE947}.Debug|ARM.Build.0 = Debug|ARM
		{2546C738-69EF-4469-A7C5-3C35719BE947}.Debug|ARM.Deploy.0 = Debug|ARM
		{2546C738-69EF-4469-A7C5-3C35719BE947}.Debug|iPhone.ActiveCfg = Debug|x86
		{2546C738-69EF-4469-A7C5-3C35719BE947}.Debug|iPhone.Build.0 = Debug|x86
		{2546C738-69EF-4469-A7C5-3C35719BE947}.Debug|iPhone.Deploy.0 = Debug|x86
		{2546C738-69EF-4469-A7C5-3C35719BE947}.Debug|iPhoneSimulator.ActiveCfg = Debug|x86
		{2546C738-69EF-4469-A7C5-3C35719BE947}.Debug|iPhoneSimulator.Build.0 = Debug|x86
		{2546C738-69EF-4469-A7C5-3C35719BE947}.Debug|iPhoneSimulator.Deploy.0 = Debug|x86
		{2546C738-69EF-4469-A7C5-3C35719BE947}.Debug|x64.ActiveCfg = Debug|x64
		{2546C738-69EF-4469-A7C5-3C35719BE947}.Debug|x64.Build.0 = Debug|x64
		{2546C738-69EF-4469-A7C5-3C35719BE947}.Debug|x64.Deploy.0 = Debug|x64
		{2546C738-69EF-4469-A7C5-3C35719BE947}.Debug|x86.ActiveCfg = Debug|x86
		{2546C738-69EF-4469-A7C5-3C35719BE947}.Debug|x86.Build.0 = Debug|x86
		{2546C738-69EF-4469-A7C5-3C35719BE947}.Debug|x86.Deploy.0 = Debug|x86
		{2546C738-69EF-4469-A7C5-3C35719BE947}.Release|Any CPU.ActiveCfg = Release|x86
		{2546C738-69EF-4469-A7C5-3C35719BE947}.Release|Any CPU.Build.0 = Release|x86
		{2546C738-69EF-4469-A7C5-3C35719BE947}.Release|Any CPU.Deploy.0 = Release|x86
		{2546C738-69EF-4469-A7C5-3C35719BE947}.Release|ARM.ActiveCfg = Release|ARM
		{2546C738-69EF-4469-A7C5-3C35719BE947}.Release|ARM.Build.0 = Release|ARM
		{2546C738-69EF-4469-A7C5-3C35719BE947}.Release|ARM.Deploy.0 = Release|ARM
		{2546C738-69EF-4469-A7C5-3C35719BE947}.Release|iPhone.ActiveCfg = Release|x86
		{2546C738-69EF-4469-A7C5-3C35719BE947}.Release|iPhone.Build.0 = Release|x86
		{2546C738-69EF-4469-A7C5-3C35719BE947}.Release|iPhone.Deploy.0 = Release|x86
		{2546C738-69EF-4469-A7C5-3C35719BE947}.Release|iPhoneSimulator.ActiveCfg = Release|x86
		{2546C738-69EF-4469-A7C5-3C35719BE947}.Release|iPhoneSimulator.Build.0 = Release|x86
		{2546C738-69EF-4469-A7C5-3C35719BE947}.Release|iPhoneSimulator.Deploy.0 = Release|x86
		{2546C738-69EF-4469-A7C5-3C35719BE947}.Release|x64.ActiveCfg = Release|x64
		{2546C738-69EF-4469-A7C5-3C35719BE947}.Release|x64.Build.0 = Release|x64
		{2546C738-69EF-4469-A7C5-3C35719BE947}.Release|x64.Deploy.0 = Release|x64
		{2546C738-69EF-4469-A7C5-3C35719BE947}.Release|x86.ActiveCfg = Release|x86
		{2546C738-69EF-4469-A7C5-3C35719BE947}.Release|x86.Build.0 = Release|x86
		{2546C738-69EF-4469-A7C5-3C35719BE947}.Release|x86.Deploy.0 = Release|x86
		{FBC1BFE6-679C-4E18-8A48-53BEE67D1455}.Debug|Any CPU.ActiveCfg = Debug|Any CPU
		{FBC1BFE6-679C-4E18-8A48-53BEE67D1455}.Debug|Any CPU.Build.0 = Debug|Any CPU
		{FBC1BFE6-679C-4E18-8A48-53BEE67D1455}.Debug|Any CPU.Deploy.0 = Debug|Any CPU
		{FBC1BFE6-679C-4E18-8A48-53BEE67D1455}.Debug|ARM.ActiveCfg = Debug|Any CPU
		{FBC1BFE6-679C-4E18-8A48-53BEE67D1455}.Debug|ARM.Build.0 = Debug|Any CPU
		{FBC1BFE6-679C-4E18-8A48-53BEE67D1455}.Debug|ARM.Deploy.0 = Debug|Any CPU
		{FBC1BFE6-679C-4E18-8A48-53BEE67D1455}.Debug|iPhone.ActiveCfg = Debug|Any CPU
		{FBC1BFE6-679C-4E18-8A48-53BEE67D1455}.Debug|iPhone.Build.0 = Debug|Any CPU
		{FBC1BFE6-679C-4E18-8A48-53BEE67D1455}.Debug|iPhone.Deploy.0 = Debug|Any CPU
		{FBC1BFE6-679C-4E18-8A48-53BEE67D1455}.Debug|iPhoneSimulator.ActiveCfg = Debug|Any CPU
		{FBC1BFE6-679C-4E18-8A48-53BEE67D1455}.Debug|iPhoneSimulator.Build.0 = Debug|Any CPU
		{FBC1BFE6-679C-4E18-8A48-53BEE67D1455}.Debug|iPhoneSimulator.Deploy.0 = Debug|Any CPU
		{FBC1BFE6-679C-4E18-8A48-53BEE67D1455}.Debug|x64.ActiveCfg = Debug|Any CPU
		{FBC1BFE6-679C-4E18-8A48-53BEE67D1455}.Debug|x64.Build.0 = Debug|Any CPU
		{FBC1BFE6-679C-4E18-8A48-53BEE67D1455}.Debug|x64.Deploy.0 = Debug|Any CPU
		{FBC1BFE6-679C-4E18-8A48-53BEE67D1455}.Debug|x86.ActiveCfg = Debug|Any CPU
		{FBC1BFE6-679C-4E18-8A48-53BEE67D1455}.Debug|x86.Build.0 = Debug|Any CPU
		{FBC1BFE6-679C-4E18-8A48-53BEE67D1455}.Debug|x86.Deploy.0 = Debug|Any CPU
		{FBC1BFE6-679C-4E18-8A48-53BEE67D1455}.Release|Any CPU.ActiveCfg = Release|Any CPU
		{FBC1BFE6-679C-4E18-8A48-53BEE67D1455}.Release|Any CPU.Build.0 = Release|Any CPU
		{FBC1BFE6-679C-4E18-8A48-53BEE67D1455}.Release|Any CPU.Deploy.0 = Release|Any CPU
		{FBC1BFE6-679C-4E18-8A48-53BEE67D1455}.Release|ARM.ActiveCfg = Release|Any CPU
		{FBC1BFE6-679C-4E18-8A48-53BEE67D1455}.Release|ARM.Build.0 = Release|Any CPU
		{FBC1BFE6-679C-4E18-8A48-53BEE67D1455}.Release|ARM.Deploy.0 = Release|Any CPU
		{FBC1BFE6-679C-4E18-8A48-53BEE67D1455}.Release|iPhone.ActiveCfg = Release|Any CPU
		{FBC1BFE6-679C-4E18-8A48-53BEE67D1455}.Release|iPhone.Build.0 = Release|Any CPU
		{FBC1BFE6-679C-4E18-8A48-53BEE67D1455}.Release|iPhone.Deploy.0 = Release|Any CPU
		{FBC1BFE6-679C-4E18-8A48-53BEE67D1455}.Release|iPhoneSimulator.ActiveCfg = Release|Any CPU
		{FBC1BFE6-679C-4E18-8A48-53BEE67D1455}.Release|iPhoneSimulator.Build.0 = Release|Any CPU
		{FBC1BFE6-679C-4E18-8A48-53BEE67D1455}.Release|iPhoneSimulator.Deploy.0 = Release|Any CPU
		{FBC1BFE6-679C-4E18-8A48-53BEE67D1455}.Release|x64.ActiveCfg = Release|Any CPU
		{FBC1BFE6-679C-4E18-8A48-53BEE67D1455}.Release|x64.Build.0 = Release|Any CPU
		{FBC1BFE6-679C-4E18-8A48-53BEE67D1455}.Release|x64.Deploy.0 = Release|Any CPU
		{FBC1BFE6-679C-4E18-8A48-53BEE67D1455}.Release|x86.ActiveCfg = Release|Any CPU
		{FBC1BFE6-679C-4E18-8A48-53BEE67D1455}.Release|x86.Build.0 = Release|Any CPU
		{FBC1BFE6-679C-4E18-8A48-53BEE67D1455}.Release|x86.Deploy.0 = Release|Any CPU
		{CF10C29C-C9E6-487E-8219-805854D10C78}.Debug|Any CPU.ActiveCfg = Debug|iPhone
		{CF10C29C-C9E6-487E-8219-805854D10C78}.Debug|Any CPU.Build.0 = Debug|iPhone
		{CF10C29C-C9E6-487E-8219-805854D10C78}.Debug|Any CPU.Deploy.0 = Debug|iPhone
		{CF10C29C-C9E6-487E-8219-805854D10C78}.Debug|ARM.ActiveCfg = Debug|iPhoneSimulator
		{CF10C29C-C9E6-487E-8219-805854D10C78}.Debug|ARM.Build.0 = Debug|iPhoneSimulator
		{CF10C29C-C9E6-487E-8219-805854D10C78}.Debug|ARM.Deploy.0 = Debug|iPhoneSimulator
		{CF10C29C-C9E6-487E-8219-805854D10C78}.Debug|iPhone.ActiveCfg = Debug|iPhone
		{CF10C29C-C9E6-487E-8219-805854D10C78}.Debug|iPhone.Build.0 = Debug|iPhone
		{CF10C29C-C9E6-487E-8219-805854D10C78}.Debug|iPhone.Deploy.0 = Debug|iPhone
		{CF10C29C-C9E6-487E-8219-805854D10C78}.Debug|iPhoneSimulator.ActiveCfg = Debug|iPhoneSimulator
		{CF10C29C-C9E6-487E-8219-805854D10C78}.Debug|iPhoneSimulator.Build.0 = Debug|iPhoneSimulator
		{CF10C29C-C9E6-487E-8219-805854D10C78}.Debug|iPhoneSimulator.Deploy.0 = Debug|iPhoneSimulator
		{CF10C29C-C9E6-487E-8219-805854D10C78}.Debug|x64.ActiveCfg = Debug|iPhone
		{CF10C29C-C9E6-487E-8219-805854D10C78}.Debug|x64.Build.0 = Debug|iPhone
		{CF10C29C-C9E6-487E-8219-805854D10C78}.Debug|x64.Deploy.0 = Debug|iPhone
		{CF10C29C-C9E6-487E-8219-805854D10C78}.Debug|x86.ActiveCfg = Debug|iPhone
		{CF10C29C-C9E6-487E-8219-805854D10C78}.Debug|x86.Build.0 = Debug|iPhone
		{CF10C29C-C9E6-487E-8219-805854D10C78}.Debug|x86.Deploy.0 = Debug|iPhone
		{CF10C29C-C9E6-487E-8219-805854D10C78}.Release|Any CPU.ActiveCfg = Release|iPhone
		{CF10C29C-C9E6-487E-8219-805854D10C78}.Release|Any CPU.Build.0 = Release|iPhone
		{CF10C29C-C9E6-487E-8219-805854D10C78}.Release|Any CPU.Deploy.0 = Release|iPhone
		{CF10C29C-C9E6-487E-8219-805854D10C78}.Release|ARM.ActiveCfg = Release|iPhone
		{CF10C29C-C9E6-487E-8219-805854D10C78}.Release|ARM.Build.0 = Release|iPhone
		{CF10C29C-C9E6-487E-8219-805854D10C78}.Release|ARM.Deploy.0 = Release|iPhone
		{CF10C29C-C9E6-487E-8219-805854D10C78}.Release|iPhone.ActiveCfg = Release|iPhone
		{CF10C29C-C9E6-487E-8219-805854D10C78}.Release|iPhone.Build.0 = Release|iPhone
		{CF10C29C-C9E6-487E-8219-805854D10C78}.Release|iPhone.Deploy.0 = Release|iPhone
		{CF10C29C-C9E6-487E-8219-805854D10C78}.Release|iPhoneSimulator.ActiveCfg = Release|iPhoneSimulator
		{CF10C29C-C9E6-487E-8219-805854D10C78}.Release|iPhoneSimulator.Build.0 = Release|iPhoneSimulator
		{CF10C29C-C9E6-487E-8219-805854D10C78}.Release|iPhoneSimulator.Deploy.0 = Release|iPhoneSimulator
		{CF10C29C-C9E6-487E-8219-805854D10C78}.Release|x64.ActiveCfg = Release|iPhone
		{CF10C29C-C9E6-487E-8219-805854D10C78}.Release|x64.Build.0 = Release|iPhone
		{CF10C29C-C9E6-487E-8219-805854D10C78}.Release|x64.Deploy.0 = Release|iPhone
		{CF10C29C-C9E6-487E-8219-805854D10C78}.Release|x86.ActiveCfg = Release|iPhone
		{CF10C29C-C9E6-487E-8219-805854D10C78}.Release|x86.Build.0 = Release|iPhone
		{CF10C29C-C9E6-487E-8219-805854D10C78}.Release|x86.Deploy.0 = Release|iPhone
		{E0B99723-1A40-4C01-A4B8-F8D84237C3C5}.Debug|Any CPU.ActiveCfg = Debug|Any CPU
		{E0B99723-1A40-4C01-A4B8-F8D84237C3C5}.Debug|Any CPU.Build.0 = Debug|Any CPU
		{E0B99723-1A40-4C01-A4B8-F8D84237C3C5}.Debug|Any CPU.Deploy.0 = Debug|Any CPU
		{E0B99723-1A40-4C01-A4B8-F8D84237C3C5}.Debug|ARM.ActiveCfg = Debug|Any CPU
		{E0B99723-1A40-4C01-A4B8-F8D84237C3C5}.Debug|ARM.Build.0 = Debug|Any CPU
		{E0B99723-1A40-4C01-A4B8-F8D84237C3C5}.Debug|ARM.Deploy.0 = Debug|Any CPU
		{E0B99723-1A40-4C01-A4B8-F8D84237C3C5}.Debug|iPhone.ActiveCfg = Debug|Any CPU
		{E0B99723-1A40-4C01-A4B8-F8D84237C3C5}.Debug|iPhone.Build.0 = Debug|Any CPU
		{E0B99723-1A40-4C01-A4B8-F8D84237C3C5}.Debug|iPhone.Deploy.0 = Debug|Any CPU
		{E0B99723-1A40-4C01-A4B8-F8D84237C3C5}.Debug|iPhoneSimulator.ActiveCfg = Debug|Any CPU
		{E0B99723-1A40-4C01-A4B8-F8D84237C3C5}.Debug|iPhoneSimulator.Build.0 = Debug|Any CPU
		{E0B99723-1A40-4C01-A4B8-F8D84237C3C5}.Debug|iPhoneSimulator.Deploy.0 = Debug|Any CPU
		{E0B99723-1A40-4C01-A4B8-F8D84237C3C5}.Debug|x64.ActiveCfg = Debug|Any CPU
		{E0B99723-1A40-4C01-A4B8-F8D84237C3C5}.Debug|x64.Build.0 = Debug|Any CPU
		{E0B99723-1A40-4C01-A4B8-F8D84237C3C5}.Debug|x64.Deploy.0 = Debug|Any CPU
		{E0B99723-1A40-4C01-A4B8-F8D84237C3C5}.Debug|x86.ActiveCfg = Debug|Any CPU
		{E0B99723-1A40-4C01-A4B8-F8D84237C3C5}.Debug|x86.Build.0 = Debug|Any CPU
		{E0B99723-1A40-4C01-A4B8-F8D84237C3C5}.Debug|x86.Deploy.0 = Debug|Any CPU
		{E0B99723-1A40-4C01-A4B8-F8D84237C3C5}.Release|Any CPU.ActiveCfg = Release|Any CPU
		{E0B99723-1A40-4C01-A4B8-F8D84237C3C5}.Release|Any CPU.Build.0 = Release|Any CPU
		{E0B99723-1A40-4C01-A4B8-F8D84237C3C5}.Release|Any CPU.Deploy.0 = Release|Any CPU
		{E0B99723-1A40-4C01-A4B8-F8D84237C3C5}.Release|ARM.ActiveCfg = Release|Any CPU
		{E0B99723-1A40-4C01-A4B8-F8D84237C3C5}.Release|ARM.Build.0 = Release|Any CPU
		{E0B99723-1A40-4C01-A4B8-F8D84237C3C5}.Release|ARM.Deploy.0 = Release|Any CPU
		{E0B99723-1A40-4C01-A4B8-F8D84237C3C5}.Release|iPhone.ActiveCfg = Release|Any CPU
		{E0B99723-1A40-4C01-A4B8-F8D84237C3C5}.Release|iPhone.Build.0 = Release|Any CPU
		{E0B99723-1A40-4C01-A4B8-F8D84237C3C5}.Release|iPhone.Deploy.0 = Release|Any CPU
		{E0B99723-1A40-4C01-A4B8-F8D84237C3C5}.Release|iPhoneSimulator.ActiveCfg = Release|Any CPU
		{E0B99723-1A40-4C01-A4B8-F8D84237C3C5}.Release|iPhoneSimulator.Build.0 = Release|Any CPU
		{E0B99723-1A40-4C01-A4B8-F8D84237C3C5}.Release|iPhoneSimulator.Deploy.0 = Release|Any CPU
		{E0B99723-1A40-4C01-A4B8-F8D84237C3C5}.Release|x64.ActiveCfg = Release|Any CPU
		{E0B99723-1A40-4C01-A4B8-F8D84237C3C5}.Release|x64.Build.0 = Release|Any CPU
		{E0B99723-1A40-4C01-A4B8-F8D84237C3C5}.Release|x64.Deploy.0 = Release|Any CPU
		{E0B99723-1A40-4C01-A4B8-F8D84237C3C5}.Release|x86.ActiveCfg = Release|Any CPU
		{E0B99723-1A40-4C01-A4B8-F8D84237C3C5}.Release|x86.Build.0 = Release|Any CPU
		{E0B99723-1A40-4C01-A4B8-F8D84237C3C5}.Release|x86.Deploy.0 = Release|Any CPU
	EndGlobalSection
	GlobalSection(SolutionProperties) = preSolution
		HideSolutionNode = FALSE
	EndGlobalSection
	GlobalSection(ExtensibilityGlobals) = postSolution
		SolutionGuid = {ECA704A3-391E-4C5C-9A9E-2BB653B1B2E9}
	EndGlobalSection
EndGlobal
